
Microsoft Visual Studio Solution File, Format Version 12.00
Project("{2150E333-8FDC-42A3-9474-1A3956D46DE8}") = "Core", "Core", "{4712010F-A1FE-4299-A41D-51E82BB3B2D2}"
EndProject
Project("{2150E333-8FDC-42A3-9474-1A3956D46DE8}") = "Infractruture", "Infractruture", "{7FBF5BCB-317A-46AC-9DE6-D7EC53337A2B}"
EndProject
Project("{2150E333-8FDC-42A3-9474-1A3956D46DE8}") = "Api", "Api", "{8B547F02-5808-4F10-8EAD-2A5F72B68DEB}"
EndProject
Project("{FAE04EC0-301F-11D3-BF4B-00C04F79EFBC}") = "Application", "Application\Application.csproj", "{DFD5C255-E071-4A8E-821F-908108752401}"
EndProject
Project("{FAE04EC0-301F-11D3-BF4B-00C04F79EFBC}") = "Domain", "Domain\Domain.csproj", "{DF5C2C3D-C43A-4CA3-BFE6-B3C48072D812}"
EndProject
Project("{FAE04EC0-301F-11D3-BF4B-00C04F79EFBC}") = "Persistence", "Persistence\Persistence.csproj", "{D6F15C1D-03B2-4411-83D5-C1BBC2B6744F}"
EndProject
Project("{FAE04EC0-301F-11D3-BF4B-00C04F79EFBC}") = "Shared", "Shared\Shared.csproj", "{D8C38D1A-5B3A-4FA2-B376-B6F4E3FBE8BC}"
EndProject
Project("{FAE04EC0-301F-11D3-BF4B-00C04F79EFBC}") = "IOC", "IOC\IOC.csproj", "{2F0330A5-552A-4F16-B5D4-02F630E1F2EE}"
EndProject
Global
	GlobalSection(SolutionConfigurationPlatforms) = preSolution
		Debug|Any CPU = Debug|Any CPU
		Release|Any CPU = Release|Any CPU
	EndGlobalSection
	GlobalSection(NestedProjects) = preSolution
		{DFD5C255-E071-4A8E-821F-908108752401} = {4712010F-A1FE-4299-A41D-51E82BB3B2D2}
		{DF5C2C3D-C43A-4CA3-BFE6-B3C48072D812} = {4712010F-A1FE-4299-A41D-51E82BB3B2D2}
		{D6F15C1D-03B2-4411-83D5-C1BBC2B6744F} = {7FBF5BCB-317A-46AC-9DE6-D7EC53337A2B}
		{D8C38D1A-5B3A-4FA2-B376-B6F4E3FBE8BC} = {7FBF5BCB-317A-46AC-9DE6-D7EC53337A2B}
		{2F0330A5-552A-4F16-B5D4-02F630E1F2EE} = {7FBF5BCB-317A-46AC-9DE6-D7EC53337A2B}
	EndGlobalSection
	GlobalSection(ProjectConfigurationPlatforms) = postSolution
		{DFD5C255-E071-4A8E-821F-908108752401}.Debug|Any CPU.ActiveCfg = Debug|Any CPU
		{DFD5C255-E071-4A8E-821F-908108752401}.Debug|Any CPU.Build.0 = Debug|Any CPU
		{DFD5C255-E071-4A8E-821F-908108752401}.Release|Any CPU.ActiveCfg = Release|Any CPU
		{DFD5C255-E071-4A8E-821F-908108752401}.Release|Any CPU.Build.0 = Release|Any CPU
		{DF5C2C3D-C43A-4CA3-BFE6-B3C48072D812}.Debug|Any CPU.ActiveCfg = Debug|Any CPU
		{DF5C2C3D-C43A-4CA3-BFE6-B3C48072D812}.Debug|Any CPU.Build.0 = Debug|Any CPU
		{DF5C2C3D-C43A-4CA3-BFE6-B3C48072D812}.Release|Any CPU.ActiveCfg = Release|Any CPU
		{DF5C2C3D-C43A-4CA3-BFE6-B3C48072D812}.Release|Any CPU.Build.0 = Release|Any CPU
		{D6F15C1D-03B2-4411-83D5-C1BBC2B6744F}.Debug|Any CPU.ActiveCfg = Debug|Any CPU
		{D6F15C1D-03B2-4411-83D5-C1BBC2B6744F}.Debug|Any CPU.Build.0 = Debug|Any CPU
		{D6F15C1D-03B2-4411-83D5-C1BBC2B6744F}.Release|Any CPU.ActiveCfg = Release|Any CPU
		{D6F15C1D-03B2-4411-83D5-C1BBC2B6744F}.Release|Any CPU.Build.0 = Release|Any CPU
		{D8C38D1A-5B3A-4FA2-B376-B6F4E3FBE8BC}.Debug|Any CPU.ActiveCfg = Debug|Any CPU
		{D8C38D1A-5B3A-4FA2-B376-B6F4E3FBE8BC}.Debug|Any CPU.Build.0 = Debug|Any CPU
		{D8C38D1A-5B3A-4FA2-B376-B6F4E3FBE8BC}.Release|Any CPU.ActiveCfg = Release|Any CPU
		{D8C38D1A-5B3A-4FA2-B376-B6F4E3FBE8BC}.Release|Any CPU.Build.0 = Release|Any CPU
		{2F0330A5-552A-4F16-B5D4-02F630E1F2EE}.Debug|Any CPU.ActiveCfg = Debug|Any CPU
		{2F0330A5-552A-4F16-B5D4-02F630E1F2EE}.Debug|Any CPU.Build.0 = Debug|Any CPU
		{2F0330A5-552A-4F16-B5D4-02F630E1F2EE}.Release|Any CPU.ActiveCfg = Release|Any CPU
		{2F0330A5-552A-4F16-B5D4-02F630E1F2EE}.Release|Any CPU.Build.0 = Release|Any CPU
	EndGlobalSection
EndGlobal
